// !$*UTF8*$!
{
	archiveVersion = 1;
	classes = {
	};
	objectVersion = 77;
	objects = {

/* Begin PBXContainerItemProxy section */
		D5EE80CC2CF8A1F5001BF17B /* PBXContainerItemProxy */ = {
			isa = PBXContainerItemProxy;
			containerPortal = D5EE80B32CF8A1F4001BF17B /* Project object */;
			proxyType = 1;
			remoteGlobalIDString = D5EE80BA2CF8A1F4001BF17B;
			remoteInfo = iakadir_app;
		};
		D5EE80D62CF8A1F5001BF17B /* PBXContainerItemProxy */ = {
			isa = PBXContainerItemProxy;
			containerPortal = D5EE80B32CF8A1F4001BF17B /* Project object */;
			proxyType = 1;
			remoteGlobalIDString = D5EE80BA2CF8A1F4001BF17B;
			remoteInfo = iakadir_app;
		};
/* End PBXContainerItemProxy section */

/* Begin PBXFileReference section */
		D5EE80BB2CF8A1F4001BF17B /* iakadir_app.app */ = {isa = PBXFileReference; explicitFileType = wrapper.application; includeInIndex = 0; path = iakadir_app.app; sourceTree = BUILT_PRODUCTS_DIR; };
		D5EE80CB2CF8A1F5001BF17B /* iakadir_appTests.xctest */ = {isa = PBXFileReference; explicitFileType = wrapper.cfbundle; includeInIndex = 0; path = iakadir_appTests.xctest; sourceTree = BUILT_PRODUCTS_DIR; };
		D5EE80D52CF8A1F5001BF17B /* iakadir_appUITests.xctest */ = {isa = PBXFileReference; explicitFileType = wrapper.cfbundle; includeInIndex = 0; path = iakadir_appUITests.xctest; sourceTree = BUILT_PRODUCTS_DIR; };
/* End PBXFileReference section */

/* Begin PBXFileSystemSynchronizedRootGroup section */
		D5EE80BD2CF8A1F4001BF17B /* iakadir_app */ = {
			isa = PBXFileSystemSynchronizedRootGroup;
			path = iakadir_app;
			sourceTree = "<group>";
		};
		D5EE80CE2CF8A1F5001BF17B /* iakadir_appTests */ = {
			isa = PBXFileSystemSynchronizedRootGroup;
			path = iakadir_appTests;
			sourceTree = "<group>";
		};
		D5EE80D82CF8A1F5001BF17B /* iakadir_appUITests */ = {
			isa = PBXFileSystemSynchronizedRootGroup;
			path = iakadir_appUITests;
			sourceTree = "<group>";
		};
/* End PBXFileSystemSynchronizedRootGroup section */

/* Begin PBXFrameworksBuildPhase section */
		D5EE80B82CF8A1F4001BF17B /* Frameworks */ = {
			isa = PBXFrameworksBuildPhase;
			buildActionMask = 2147483647;
			files = (
			);
			runOnlyForDeploymentPostprocessing = 0;
		};
		D5EE80C82CF8A1F5001BF17B /* Frameworks */ = {
			isa = PBXFrameworksBuildPhase;
			buildActionMask = 2147483647;
			files = (
			);
			runOnlyForDeploymentPostprocessing = 0;
		};
		D5EE80D22CF8A1F5001BF17B /* Frameworks */ = {
			isa = PBXFrameworksBuildPhase;
			buildActionMask = 2147483647;
			files = (
			);
			runOnlyForDeploymentPostprocessing = 0;
		};
/* End PBXFrameworksBuildPhase section */

/* Begin PBXGroup section */
		D5EE80B22CF8A1F4001BF17B = {
			isa = PBXGroup;
			children = (
				D5EE80BD2CF8A1F4001BF17B /* iakadir_app */,
				D5EE80CE2CF8A1F5001BF17B /* iakadir_appTests */,
				D5EE80D82CF8A1F5001BF17B /* iakadir_appUITests */,
				D5EE80BC2CF8A1F4001BF17B /* Products */,
			);
			sourceTree = "<group>";
		};
		D5EE80BC2CF8A1F4001BF17B /* Products */ = {
			isa = PBXGroup;
			children = (
				D5EE80BB2CF8A1F4001BF17B /* iakadir_app.app */,
				D5EE80CB2CF8A1F5001BF17B /* iakadir_appTests.xctest */,
				D5EE80D52CF8A1F5001BF17B /* iakadir_appUITests.xctest */,
			);
			name = Products;
			sourceTree = "<group>";
		};
/* End PBXGroup section */

/* Begin PBXNativeTarget section */
		D5EE80BA2CF8A1F4001BF17B /* iakadir_app */ = {
			isa = PBXNativeTarget;
			buildConfigurationList = D5EE80DF2CF8A1F5001BF17B /* Build configuration list for PBXNativeTarget "iakadir_app" */;
			buildPhases = (
				D5EE80B72CF8A1F4001BF17B /* Sources */,
				D5EE80B82CF8A1F4001BF17B /* Frameworks */,
				D5EE80B92CF8A1F4001BF17B /* Resources */,
			);
			buildRules = (
			);
			dependencies = (
			);
			fileSystemSynchronizedGroups = (
				D5EE80BD2CF8A1F4001BF17B /* iakadir_app */,
			);
			name = iakadir_app;
			packageProductDependencies = (
			);
			productName = iakadir_app;
			productReference = D5EE80BB2CF8A1F4001BF17B /* iakadir_app.app */;
			productType = "com.apple.product-type.application";
		};
		D5EE80CA2CF8A1F5001BF17B /* iakadir_appTests */ = {
			isa = PBXNativeTarget;
			buildConfigurationList = D5EE80E22CF8A1F5001BF17B /* Build configuration list for PBXNativeTarget "iakadir_appTests" */;
			buildPhases = (
				D5EE80C72CF8A1F5001BF17B /* Sources */,
				D5EE80C82CF8A1F5001BF17B /* Frameworks */,
				D5EE80C92CF8A1F5001BF17B /* Resources */,
			);
			buildRules = (
			);
			dependencies = (
				D5EE80CD2CF8A1F5001BF17B /* PBXTargetDependency */,
			);
			fileSystemSynchronizedGroups = (
				D5EE80CE2CF8A1F5001BF17B /* iakadir_appTests */,
			);
			name = iakadir_appTests;
			packageProductDependencies = (
			);
			productName = iakadir_appTests;
			productReference = D5EE80CB2CF8A1F5001BF17B /* iakadir_appTests.xctest */;
			productType = "com.apple.product-type.bundle.unit-test";
		};
		D5EE80D42CF8A1F5001BF17B /* iakadir_appUITests */ = {
			isa = PBXNativeTarget;
			buildConfigurationList = D5EE80E52CF8A1F5001BF17B /* Build configuration list for PBXNativeTarget "iakadir_appUITests" */;
			buildPhases = (
				D5EE80D12CF8A1F5001BF17B /* Sources */,
				D5EE80D22CF8A1F5001BF17B /* Frameworks */,
				D5EE80D32CF8A1F5001BF17B /* Resources */,
			);
			buildRules = (
			);
			dependencies = (
				D5EE80D72CF8A1F5001BF17B /* PBXTargetDependency */,
			);
			fileSystemSynchronizedGroups = (
				D5EE80D82CF8A1F5001BF17B /* iakadir_appUITests */,
			);
			name = iakadir_appUITests;
			packageProductDependencies = (
			);
			productName = iakadir_appUITests;
			productReference = D5EE80D52CF8A1F5001BF17B /* iakadir_appUITests.xctest */;
			productType = "com.apple.product-type.bundle.ui-testing";
		};
/* End PBXNativeTarget section */

/* Begin PBXProject section */
		D5EE80B32CF8A1F4001BF17B /* Project object */ = {
			isa = PBXProject;
			attributes = {
				BuildIndependentTargetsInParallel = 1;
				LastSwiftUpdateCheck = 1610;
				LastUpgradeCheck = 1610;
				TargetAttributes = {
					D5EE80BA2CF8A1F4001BF17B = {
						CreatedOnToolsVersion = 16.1;
					};
					D5EE80CA2CF8A1F5001BF17B = {
						CreatedOnToolsVersion = 16.1;
						TestTargetID = D5EE80BA2CF8A1F4001BF17B;
					};
					D5EE80D42CF8A1F5001BF17B = {
						CreatedOnToolsVersion = 16.1;
						TestTargetID = D5EE80BA2CF8A1F4001BF17B;
					};
				};
			};
			buildConfigurationList = D5EE80B62CF8A1F4001BF17B /* Build configuration list for PBXProject "iakadir_app" */;
			developmentRegion = en;
			hasScannedForEncodings = 0;
			knownRegions = (
				en,
				Base,
			);
			mainGroup = D5EE80B22CF8A1F4001BF17B;
			minimizedProjectReferenceProxies = 1;
			preferredProjectObjectVersion = 77;
			productRefGroup = D5EE80BC2CF8A1F4001BF17B /* Products */;
			projectDirPath = "";
			projectRoot = "";
			targets = (
				D5EE80BA2CF8A1F4001BF17B /* iakadir_app */,
				D5EE80CA2CF8A1F5001BF17B /* iakadir_appTests */,
				D5EE80D42CF8A1F5001BF17B /* iakadir_appUITests */,
			);
		};
/* End PBXProject section */

/* Begin PBXResourcesBuildPhase section */
		D5EE80B92CF8A1F4001BF17B /* Resources */ = {
			isa = PBXResourcesBuildPhase;
			buildActionMask = 2147483647;
			files = (
			);
			runOnlyForDeploymentPostprocessing = 0;
		};
		D5EE80C92CF8A1F5001BF17B /* Resources */ = {
			isa = PBXResourcesBuildPhase;
			buildActionMask = 2147483647;
			files = (
			);
			runOnlyForDeploymentPostprocessing = 0;
		};
		D5EE80D32CF8A1F5001BF17B /* Resources */ = {
			isa = PBXResourcesBuildPhase;
			buildActionMask = 2147483647;
			files = (
			);
			runOnlyForDeploymentPostprocessing = 0;
		};
/* End PBXResourcesBuildPhase section */

/* Begin PBXSourcesBuildPhase section */
		D5EE80B72CF8A1F4001BF17B /* Sources */ = {
			isa = PBXSourcesBuildPhase;
			buildActionMask = 2147483647;
			files = (
			);
			runOnlyForDeploymentPostprocessing = 0;
		};
		D5EE80C72CF8A1F5001BF17B /* Sources */ = {
			isa = PBXSourcesBuildPhase;
			buildActionMask = 2147483647;
			files = (
			);
			runOnlyForDeploymentPostprocessing = 0;
		};
		D5EE80D12CF8A1F5001BF17B /* Sources */ = {
			isa = PBXSourcesBuildPhase;
			buildActionMask = 2147483647;
			files = (
			);
			runOnlyForDeploymentPostprocessing = 0;
		};
/* End PBXSourcesBuildPhase section */

/* Begin PBXTargetDependency section */
		D5EE80CD2CF8A1F5001BF17B /* PBXTargetDependency */ = {
			isa = PBXTargetDependency;
			target = D5EE80BA2CF8A1F4001BF17B /* iakadir_app */;
			targetProxy = D5EE80CC2CF8A1F5001BF17B /* PBXContainerItemProxy */;
		};
		D5EE80D72CF8A1F5001BF17B /* PBXTargetDependency */ = {
			isa = PBXTargetDependency;
			target = D5EE80BA2CF8A1F4001BF17B /* iakadir_app */;
			targetProxy = D5EE80D62CF8A1F5001BF17B /* PBXContainerItemProxy */;
		};
/* End PBXTargetDependency section */

/* Begin XCBuildConfiguration section */
		D5EE80DD2CF8A1F5001BF17B /* Debug */ = {
			isa = XCBuildConfiguration;
			buildSettings = {
				ALWAYS_SEARCH_USER_PATHS = NO;
				ASSETCATALOG_COMPILER_GENERATE_SWIFT_ASSET_SYMBOL_EXTENSIONS = YES;
				CLANG_ANALYZER_NONNULL = YES;
				CLANG_ANALYZER_NUMBER_OBJECT_CONVERSION = YES_AGGRESSIVE;
				CLANG_CXX_LANGUAGE_STANDARD = "gnu++20";
				CLANG_ENABLE_MODULES = YES;
				CLANG_ENABLE_OBJC_ARC = YES;
				CLANG_ENABLE_OBJC_WEAK = YES;
				CLANG_WARN_BLOCK_CAPTURE_AUTORELEASING = YES;
				CLANG_WARN_BOOL_CONVERSION = YES;
				CLANG_WARN_COMMA = YES;
				CLANG_WARN_CONSTANT_CONVERSION = YES;
				CLANG_WARN_DEPRECATED_OBJC_IMPLEMENTATIONS = YES;
				CLANG_WARN_DIRECT_OBJC_ISA_USAGE = YES_ERROR;
				CLANG_WARN_DOCUMENTATION_COMMENTS = YES;
				CLANG_WARN_EMPTY_BODY = YES;
				CLANG_WARN_ENUM_CONVERSION = YES;
				CLANG_WARN_INFINITE_RECURSION = YES;
				CLANG_WARN_INT_CONVERSION = YES;
				CLANG_WARN_NON_LITERAL_NULL_CONVERSION = YES;
				CLANG_WARN_OBJC_IMPLICIT_RETAIN_SELF = YES;
				CLANG_WARN_OBJC_LITERAL_CONVERSION = YES;
				CLANG_WARN_OBJC_ROOT_CLASS = YES_ERROR;
				CLANG_WARN_QUOTED_INCLUDE_IN_FRAMEWORK_HEADER = YES;
				CLANG_WARN_RANGE_LOOP_ANALYSIS = YES;
				CLANG_WARN_STRICT_PROTOTYPES = YES;
				CLANG_WARN_SUSPICIOUS_MOVE = YES;
				CLANG_WARN_UNGUARDED_AVAILABILITY = YES_AGGRESSIVE;
				CLANG_WARN_UNREACHABLE_CODE = YES;
				CLANG_WARN__DUPLICATE_METHOD_MATCH = YES;
				COPY_PHASE_STRIP = NO;
				DEBUG_INFORMATION_FORMAT = dwarf;
				ENABLE_STRICT_OBJC_MSGSEND = YES;
				ENABLE_TESTABILITY = YES;
				ENABLE_USER_SCRIPT_SANDBOXING = YES;
				GCC_C_LANGUAGE_STANDARD = gnu17;
				GCC_DYNAMIC_NO_PIC = NO;
				GCC_NO_COMMON_BLOCKS = YES;
				GCC_OPTIMIZATION_LEVEL = 0;
				GCC_PREPROCESSOR_DEFINITIONS = (
					"DEBUG=1",
					"$(inherited)",
				);
				GCC_WARN_64_TO_32_BIT_CONVERSION = YES;
				GCC_WARN_ABOUT_RETURN_TYPE = YES_ERROR;
				GCC_WARN_UNDECLARED_SELECTOR = YES;
				GCC_WARN_UNINITIALIZED_AUTOS = YES_AGGRESSIVE;
				GCC_WARN_UNUSED_FUNCTION = YES;
				GCC_WARN_UNUSED_VARIABLE = YES;
				IPHONEOS_DEPLOYMENT_TARGET = 18.1;
				LOCALIZATION_PREFERS_STRING_CATALOGS = YES;
				MTL_ENABLE_DEBUG_INFO = INCLUDE_SOURCE;
				MTL_FAST_MATH = YES;
				ONLY_ACTIVE_ARCH = YES;
				SDKROOT = iphoneos;
				SWIFT_ACTIVE_COMPILATION_CONDITIONS = "DEBUG $(inherited)";
				SWIFT_OPTIMIZATION_LEVEL = "-Onone";
			};
			name = Debug;
		};
		D5EE80DE2CF8A1F5001BF17B /* Release */ = {
			isa = XCBuildConfiguration;
			buildSettings = {
				ALWAYS_SEARCH_USER_PATHS = NO;
				ASSETCATALOG_COMPILER_GENERATE_SWIFT_ASSET_SYMBOL_EXTENSIONS = YES;
				CLANG_ANALYZER_NONNULL = YES;
				CLANG_ANALYZER_NUMBER_OBJECT_CONVERSION = YES_AGGRESSIVE;
				CLANG_CXX_LANGUAGE_STANDARD = "gnu++20";
				CLANG_ENABLE_MODULES = YES;
				CLANG_ENABLE_OBJC_ARC = YES;
				CLANG_ENABLE_OBJC_WEAK = YES;
				CLANG_WARN_BLOCK_CAPTURE_AUTORELEASING = YES;
				CLANG_WARN_BOOL_CONVERSION = YES;
				CLANG_WARN_COMMA = YES;
				CLANG_WARN_CONSTANT_CONVERSION = YES;
				CLANG_WARN_DEPRECATED_OBJC_IMPLEMENTATIONS = YES;
				CLANG_WARN_DIRECT_OBJC_ISA_USAGE = YES_ERROR;
				CLANG_WARN_DOCUMENTATION_COMMENTS = YES;
				CLANG_WARN_EMPTY_BODY = YES;
				CLANG_WARN_ENUM_CONVERSION = YES;
				CLANG_WARN_INFINITE_RECURSION = YES;
				CLANG_WARN_INT_CONVERSION = YES;
				CLANG_WARN_NON_LITERAL_NULL_CONVERSION = YES;
				CLANG_WARN_OBJC_IMPLICIT_RETAIN_SELF = YES;
				CLANG_WARN_OBJC_LITERAL_CONVERSION = YES;
				CLANG_WARN_OBJC_ROOT_CLASS = YES_ERROR;
				CLANG_WARN_QUOTED_INCLUDE_IN_FRAMEWORK_HEADER = YES;
				CLANG_WARN_RANGE_LOOP_ANALYSIS = YES;
				CLANG_WARN_STRICT_PROTOTYPES = YES;
				CLANG_WARN_SUSPICIOUS_MOVE = YES;
				CLANG_WARN_UNGUARDED_AVAILABILITY = YES_AGGRESSIVE;
				CLANG_WARN_UNREACHABLE_CODE = YES;
				CLANG_WARN__DUPLICATE_METHOD_MATCH = YES;
				COPY_PHASE_STRIP = NO;
				DEBUG_INFORMATION_FORMAT = "dwarf-with-dsym";
				ENABLE_NS_ASSERTIONS = NO;
				ENABLE_STRICT_OBJC_MSGSEND = YES;
				ENABLE_USER_SCRIPT_SANDBOXING = YES;
				GCC_C_LANGUAGE_STANDARD = gnu17;
				GCC_NO_COMMON_BLOCKS = YES;
				GCC_WARN_64_TO_32_BIT_CONVERSION = YES;
				GCC_WARN_ABOUT_RETURN_TYPE = YES_ERROR;
				GCC_WARN_UNDECLARED_SELECTOR = YES;
				GCC_WARN_UNINITIALIZED_AUTOS = YES_AGGRESSIVE;
				GCC_WARN_UNUSED_FUNCTION = YES;
				GCC_WARN_UNUSED_VARIABLE = YES;
				IPHONEOS_DEPLOYMENT_TARGET = 18.1;
				LOCALIZATION_PREFERS_STRING_CATALOGS = YES;
				MTL_ENABLE_DEBUG_INFO = NO;
				MTL_FAST_MATH = YES;
				SDKROOT = iphoneos;
				SWIFT_COMPILATION_MODE = wholemodule;
				VALIDATE_PRODUCT = YES;
			};
			name = Release;
		};
		D5EE80E02CF8A1F5001BF17B /* Debug */ = {
			isa = XCBuildConfiguration;
			buildSettings = {
				ASSETCATALOG_COMPILER_APPICON_NAME = AppIcon;
				ASSETCATALOG_COMPILER_GLOBAL_ACCENT_COLOR_NAME = AccentColor;
				CODE_SIGN_STYLE = Automatic;
				CURRENT_PROJECT_VERSION = 1;
				DEVELOPMENT_ASSET_PATHS = "\"iakadir_app/Preview Content\"";
				DEVELOPMENT_TEAM = 4X5PR9F6PD;
				ENABLE_PREVIEWS = YES;
				GENERATE_INFOPLIST_FILE = YES;
				INFOPLIST_FILE = "iakadir-app-Info.plist";
				INFOPLIST_KEY_UIApplicationSceneManifest_Generation = YES;
				INFOPLIST_KEY_UIApplicationSupportsIndirectInputEvents = YES;
				INFOPLIST_KEY_UISupportedInterfaceOrientations_iPad = "UIInterfaceOrientationPortrait UIInterfaceOrientationPortraitUpsideDown UIInterfaceOrientationLandscapeLeft UIInterfaceOrientationLandscapeRight";
				INFOPLIST_KEY_UISupportedInterfaceOrientations_iPhone = "UIInterfaceOrientationPortrait UIInterfaceOrientationLandscapeLeft UIInterfaceOrientationLandscapeRight";
				IPHONEOS_DEPLOYMENT_TARGET = 16.6;
				LD_RUNPATH_SEARCH_PATHS = (
					"$(inherited)",
					"@executable_path/Frameworks",
				);
				MARKETING_VERSION = 1.0;
				PRODUCT_BUNDLE_IDENTIFIER = "gobelin.iakadir-app";
				PRODUCT_NAME = "$(TARGET_NAME)";
				SWIFT_EMIT_LOC_STRINGS = YES;
				SWIFT_VERSION = 5.0;
				TARGETED_DEVICE_FAMILY = "1,2";
			};
			name = Debug;
		};
		D5EE80E12CF8A1F5001BF17B /* Release */ = {
			isa = XCBuildConfiguration;
			buildSettings = {
				ASSETCATALOG_COMPILER_APPICON_NAME = AppIcon;
				ASSETCATALOG_COMPILER_GLOBAL_ACCENT_COLOR_NAME = AccentColor;
				CODE_SIGN_STYLE = Automatic;
				CURRENT_PROJECT_VERSION = 1;
				DEVELOPMENT_ASSET_PATHS = "\"iakadir_app/Preview Content\"";
				DEVELOPMENT_TEAM = 4X5PR9F6PD;
				ENABLE_PREVIEWS = YES;
				GENERATE_INFOPLIST_FILE = YES;
				INFOPLIST_FILE = "iakadir-app-Info.plist";
				INFOPLIST_KEY_UIApplicationSceneManifest_Generation = YES;
				INFOPLIST_KEY_UIApplicationSupportsIndirectInputEvents = YES;
				INFOPLIST_KEY_UISupportedInterfaceOrientations_iPad = "UIInterfaceOrientationPortrait UIInterfaceOrientationPortraitUpsideDown UIInterfaceOrientationLandscapeLeft UIInterfaceOrientationLandscapeRight";
				INFOPLIST_KEY_UISupportedInterfaceOrientations_iPhone = "UIInterfaceOrientationPortrait UIInterfaceOrientationLandscapeLeft UIInterfaceOrientationLandscapeRight";
				IPHONEOS_DEPLOYMENT_TARGET = 16.6;
				LD_RUNPATH_SEARCH_PATHS = (
					"$(inherited)",
					"@executable_path/Frameworks",
				);
				MARKETING_VERSION = 1.0;
				PRODUCT_BUNDLE_IDENTIFIER = "gobelin.iakadir-app";
				PRODUCT_NAME = "$(TARGET_NAME)";
				SWIFT_EMIT_LOC_STRINGS = YES;
				SWIFT_VERSION = 5.0;
				TARGETED_DEVICE_FAMILY = "1,2";
			};
			name = Release;
		};
		D5EE80E32CF8A1F5001BF17B /* Debug */ = {
			isa = XCBuildConfiguration;
			buildSettings = {
				BUNDLE_LOADER = "$(TEST_HOST)";
				CODE_SIGN_STYLE = Automatic;
				CURRENT_PROJECT_VERSION = 1;
				GENERATE_INFOPLIST_FILE = YES;
				IPHONEOS_DEPLOYMENT_TARGET = 18.1;
				MARKETING_VERSION = 1.0;
				PRODUCT_BUNDLE_IDENTIFIER = "gobelin.iakadir-appTests";
				PRODUCT_NAME = "$(TARGET_NAME)";
				SWIFT_EMIT_LOC_STRINGS = NO;
				SWIFT_VERSION = 5.0;
				TARGETED_DEVICE_FAMILY = "1,2";
				TEST_HOST = "$(BUILT_PRODUCTS_DIR)/iakadir_app.app/$(BUNDLE_EXECUTABLE_FOLDER_PATH)/iakadir_app";
			};
			name = Debug;
		};
		D5EE80E42CF8A1F5001BF17B /* Release */ = {
			isa = XCBuildConfiguration;
			buildSettings = {
				BUNDLE_LOADER = "$(TEST_HOST)";
				CODE_SIGN_STYLE = Automatic;
				CURRENT_PROJECT_VERSION = 1;
				GENERATE_INFOPLIST_FILE = YES;
				IPHONEOS_DEPLOYMENT_TARGET = 18.1;
				MARKETING_VERSION = 1.0;
				PRODUCT_BUNDLE_IDENTIFIER = "gobelin.iakadir-appTests";
				PRODUCT_NAME = "$(TARGET_NAME)";
				SWIFT_EMIT_LOC_STRINGS = NO;
				SWIFT_VERSION = 5.0;
				TARGETED_DEVICE_FAMILY = "1,2";
				TEST_HOST = "$(BUILT_PRODUCTS_DIR)/iakadir_app.app/$(BUNDLE_EXECUTABLE_FOLDER_PATH)/iakadir_app";
			};
			name = Release;
		};
		D5EE80E62CF8A1F5001BF17B /* Debug */ = {
			isa = XCBuildConfiguration;
			buildSettings = {
				CODE_SIGN_STYLE = Automatic;
				CURRENT_PROJECT_VERSION = 1;
				GENERATE_INFOPLIST_FILE = YES;
				MARKETING_VERSION = 1.0;
				PRODUCT_BUNDLE_IDENTIFIER = "gobelin.iakadir-appUITests";
				PRODUCT_NAME = "$(TARGET_NAME)";
				SWIFT_EMIT_LOC_STRINGS = NO;
				SWIFT_VERSION = 5.0;
				TARGETED_DEVICE_FAMILY = "1,2";
				TEST_TARGET_NAME = iakadir_app;
			};
			name = Debug;
		};
		D5EE80E72CF8A1F5001BF17B /* Release */ = {
			isa = XCBuildConfiguration;
			buildSettings = {
				CODE_SIGN_STYLE = Automatic;
				CURRENT_PROJECT_VERSION = 1;
				GENERATE_INFOPLIST_FILE = YES;
				MARKETING_VERSION = 1.0;
				PRODUCT_BUNDLE_IDENTIFIER = "gobelin.iakadir-appUITests";
				PRODUCT_NAME = "$(TARGET_NAME)";
				SWIFT_EMIT_LOC_STRINGS = NO;
				SWIFT_VERSION = 5.0;
				TARGETED_DEVICE_FAMILY = "1,2";
				TEST_TARGET_NAME = iakadir_app;
			};
			name = Release;
		};
/* End XCBuildConfiguration section */

/* Begin XCConfigurationList section */
		D5EE80B62CF8A1F4001BF17B /* Build configuration list for PBXProject "iakadir_app" */ = {
			isa = XCConfigurationList;
			buildConfigurations = (
				D5EE80DD2CF8A1F5001BF17B /* Debug */,
				D5EE80DE2CF8A1F5001BF17B /* Release */,
			);
			defaultConfigurationIsVisible = 0;
			defaultConfigurationName = Release;
		};
		D5EE80DF2CF8A1F5001BF17B /* Build configuration list for PBXNativeTarget "iakadir_app" */ = {
			isa = XCConfigurationList;
			buildConfigurations = (
				D5EE80E02CF8A1F5001BF17B /* Debug */,
				D5EE80E12CF8A1F5001BF17B /* Release */,
			);
			defaultConfigurationIsVisible = 0;
			defaultConfigurationName = Release;
		};
		D5EE80E22CF8A1F5001BF17B /* Build configuration list for PBXNativeTarget "iakadir_appTests" */ = {
			isa = XCConfigurationList;
			buildConfigurations = (
				D5EE80E32CF8A1F5001BF17B /* Debug */,
				D5EE80E42CF8A1F5001BF17B /* Release */,
			);
			defaultConfigurationIsVisible = 0;
			defaultConfigurationName = Release;
		};
		D5EE80E52CF8A1F5001BF17B /* Build configuration list for PBXNativeTarget "iakadir_appUITests" */ = {
			isa = XCConfigurationList;
			buildConfigurations = (
				D5EE80E62CF8A1F5001BF17B /* Debug */,
				D5EE80E72CF8A1F5001BF17B /* Release */,
			);
			defaultConfigurationIsVisible = 0;
			defaultConfigurationName = Release;
		};
/* End XCConfigurationList section */
	};
	rootObject = D5EE80B32CF8A1F4001BF17B /* Project object */;
}
